
Microsoft Visual Studio Solution File, Format Version 12.00
# Visual Studio Version 17
VisualStudioVersion = 17.5.002.0
MinimumVisualStudioVersion = 10.0.40219.1
Project("{9A19103F-16F7-4668-BE54-9A1E7A4F7556}") = "Linq.Queryes", "Linq.Queryes.csproj", "{A47B410F-C332-48FE-B6F4-D3FEF2D7FEBD}"
EndProject
Global
	GlobalSection(SolutionConfigurationPlatforms) = preSolution
		Debug|Any CPU = Debug|Any CPU
		Release|Any CPU = Release|Any CPU
	EndGlobalSection
	GlobalSection(ProjectConfigurationPlatforms) = postSolution
		{A47B410F-C332-48FE-B6F4-D3FEF2D7FEBD}.Debug|Any CPU.ActiveCfg = Debug|Any CPU
		{A47B410F-C332-48FE-B6F4-D3FEF2D7FEBD}.Debug|Any CPU.Build.0 = Debug|Any CPU
		{A47B410F-C332-48FE-B6F4-D3FEF2D7FEBD}.Release|Any CPU.ActiveCfg = Release|Any CPU
		{A47B410F-C332-48FE-B6F4-D3FEF2D7FEBD}.Release|Any CPU.Build.0 = Release|Any CPU
	EndGlobalSection
	GlobalSection(SolutionProperties) = preSolution
		HideSolutionNode = FALSE
	EndGlobalSection
	GlobalSection(ExtensibilityGlobals) = postSolution
		SolutionGuid = {02F91767-9D83-4D38-945B-272574C6E52F}
	EndGlobalSection
EndGlobal
